
Microsoft Visual Studio Solution File, Format Version 12.00
# Visual Studio Version 16
VisualStudioVersion = 16.0.31624.102
MinimumVisualStudioVersion = 10.0.40219.1
Project("{FAE04EC0-301F-11D3-BF4B-00C04F79EFBC}") = "VisualAdjustments2", "VisualAdjustments2\VisualAdjustments2.csproj", "{578AB89C-74D7-4025-B99C-3661B2E39DCF}"
EndProject
Global
	GlobalSection(SolutionConfigurationPlatforms) = preSolution
		Debug|Any CPU = Debug|Any CPU
		Release|Any CPU = Release|Any CPU
	EndGlobalSection
	GlobalSection(ProjectConfigurationPlatforms) = postSolution
		{578AB89C-74D7-4025-B99C-3661B2E39DCF}.Debug|Any CPU.ActiveCfg = Debug|Any CPU
		{578AB89C-74D7-4025-B99C-3661B2E39DCF}.Debug|Any CPU.Build.0 = Debug|Any CPU
		{578AB89C-74D7-4025-B99C-3661B2E39DCF}.Release|Any CPU.ActiveCfg = Release|Any CPU
		{578AB89C-74D7-4025-B99C-3661B2E39DCF}.Release|Any CPU.Build.0 = Release|Any CPU
	EndGlobalSection
	GlobalSection(SolutionProperties) = preSolution
		HideSolutionNode = FALSE
	EndGlobalSection
	GlobalSection(ExtensibilityGlobals) = postSolution
		SolutionGuid = {D6BE9719-40B6-4760-861F-F453140E3A1B}
	EndGlobalSection
EndGlobal
